// !$*UTF8*$!
{
	archiveVersion = 1;
	classes = {
	};
	objectVersion = 46;
	objects = {

/* Begin PBXBuildFile section */
		A738A9AE15C6E5BA00340FA7 /* UIViewController+CIPopdownNavigationController.m in Sources */ = {isa = PBXBuildFile; fileRef = A738A9AD15C6E5BA00340FA7 /* UIViewController+CIPopdownNavigationController.m */; };
		A739671115C2A2B000925CE3 /* CIPopdownNavigationController.m in Sources */ = {isa = PBXBuildFile; fileRef = A739671015C2A2B000925CE3 /* CIPopdownNavigationController.m */; };
		A739671715C2A6C400925CE3 /* CIPopdownNavigationItem.m in Sources */ = {isa = PBXBuildFile; fileRef = A739671615C2A6C400925CE3 /* CIPopdownNavigationItem.m */; };
		A739671E15C2F19200925CE3 /* CIPopdownRowViewController.m in Sources */ = {isa = PBXBuildFile; fileRef = A739671D15C2F19200925CE3 /* CIPopdownRowViewController.m */; };
		A7B9C51F15CA755900B75988 /* CIPopdownDemoViewController.m in Sources */ = {isa = PBXBuildFile; fileRef = A7B9C51E15CA755900B75988 /* CIPopdownDemoViewController.m */; };
		A7DCA5BC15C19D9B00F8C4C3 /* UIKit.framework in Frameworks */ = {isa = PBXBuildFile; fileRef = A7DCA5BB15C19D9B00F8C4C3 /* UIKit.framework */; };
		A7DCA5BE15C19D9B00F8C4C3 /* Foundation.framework in Frameworks */ = {isa = PBXBuildFile; fileRef = A7DCA5BD15C19D9B00F8C4C3 /* Foundation.framework */; };
		A7DCA5C015C19D9B00F8C4C3 /* CoreGraphics.framework in Frameworks */ = {isa = PBXBuildFile; fileRef = A7DCA5BF15C19D9B00F8C4C3 /* CoreGraphics.framework */; };
		A7DCA5C215C19D9B00F8C4C3 /* CoreData.framework in Frameworks */ = {isa = PBXBuildFile; fileRef = A7DCA5C115C19D9B00F8C4C3 /* CoreData.framework */; };
		A7DCA5C815C19D9B00F8C4C3 /* InfoPlist.strings in Resources */ = {isa = PBXBuildFile; fileRef = A7DCA5C615C19D9B00F8C4C3 /* InfoPlist.strings */; };
		A7DCA5CA15C19D9B00F8C4C3 /* main.m in Sources */ = {isa = PBXBuildFile; fileRef = A7DCA5C915C19D9B00F8C4C3 /* main.m */; };
		A7DCA5CE15C19D9B00F8C4C3 /* CIAppDelegate.m in Sources */ = {isa = PBXBuildFile; fileRef = A7DCA5CD15C19D9B00F8C4C3 /* CIAppDelegate.m */; };
		A7DCA5D115C19D9B00F8C4C3 /* CIPad.xcdatamodeld in Sources */ = {isa = PBXBuildFile; fileRef = A7DCA5CF15C19D9B00F8C4C3 /* CIPad.xcdatamodeld */; };
		A7DCA5D915C19D9B00F8C4C3 /* SenTestingKit.framework in Frameworks */ = {isa = PBXBuildFile; fileRef = A7DCA5D815C19D9B00F8C4C3 /* SenTestingKit.framework */; };
		A7DCA5DA15C19D9B00F8C4C3 /* UIKit.framework in Frameworks */ = {isa = PBXBuildFile; fileRef = A7DCA5BB15C19D9B00F8C4C3 /* UIKit.framework */; };
		A7DCA5DB15C19D9B00F8C4C3 /* Foundation.framework in Frameworks */ = {isa = PBXBuildFile; fileRef = A7DCA5BD15C19D9B00F8C4C3 /* Foundation.framework */; };
		A7DCA5DC15C19D9B00F8C4C3 /* CoreData.framework in Frameworks */ = {isa = PBXBuildFile; fileRef = A7DCA5C115C19D9B00F8C4C3 /* CoreData.framework */; };
		A7DCA5E415C19D9B00F8C4C3 /* InfoPlist.strings in Resources */ = {isa = PBXBuildFile; fileRef = A7DCA5E215C19D9B00F8C4C3 /* InfoPlist.strings */; };
		A7DCA5E715C19D9B00F8C4C3 /* CIPadTests.m in Sources */ = {isa = PBXBuildFile; fileRef = A7DCA5E615C19D9B00F8C4C3 /* CIPadTests.m */; };
/* End PBXBuildFile section */

/* Begin PBXContainerItemProxy section */
		A7DCA5DD15C19D9B00F8C4C3 /* PBXContainerItemProxy */ = {
			isa = PBXContainerItemProxy;
			containerPortal = A7DCA5AE15C19D9B00F8C4C3 /* Project object */;
			proxyType = 1;
			remoteGlobalIDString = A7DCA5B615C19D9B00F8C4C3;
			remoteInfo = CIPad;
		};
/* End PBXContainerItemProxy section */

/* Begin PBXFileReference section */
		A738A9AC15C6E5BA00340FA7 /* UIViewController+CIPopdownNavigationController.h */ = {isa = PBXFileReference; fileEncoding = 4; lastKnownFileType = sourcecode.c.h; path = "UIViewController+CIPopdownNavigationController.h"; sourceTree = "<group>"; };
		A738A9AD15C6E5BA00340FA7 /* UIViewController+CIPopdownNavigationController.m */ = {isa = PBXFileReference; fileEncoding = 4; lastKnownFileType = sourcecode.c.objc; path = "UIViewController+CIPopdownNavigationController.m"; sourceTree = "<group>"; };
		A739670F15C2A2B000925CE3 /* CIPopdownNavigationController.h */ = {isa = PBXFileReference; fileEncoding = 4; lastKnownFileType = sourcecode.c.h; path = CIPopdownNavigationController.h; sourceTree = "<group>"; };
		A739671015C2A2B000925CE3 /* CIPopdownNavigationController.m */ = {isa = PBXFileReference; fileEncoding = 4; lastKnownFileType = sourcecode.c.objc; path = CIPopdownNavigationController.m; sourceTree = "<group>"; };
		A739671515C2A6C400925CE3 /* CIPopdownNavigationItem.h */ = {isa = PBXFileReference; fileEncoding = 4; lastKnownFileType = sourcecode.c.h; path = CIPopdownNavigationItem.h; sourceTree = "<group>"; };
		A739671615C2A6C400925CE3 /* CIPopdownNavigationItem.m */ = {isa = PBXFileReference; fileEncoding = 4; lastKnownFileType = sourcecode.c.objc; path = CIPopdownNavigationItem.m; sourceTree = "<group>"; };
		A739671C15C2F19200925CE3 /* CIPopdownRowViewController.h */ = {isa = PBXFileReference; fileEncoding = 4; lastKnownFileType = sourcecode.c.h; path = CIPopdownRowViewController.h; sourceTree = "<group>"; };
		A739671D15C2F19200925CE3 /* CIPopdownRowViewController.m */ = {isa = PBXFileReference; fileEncoding = 4; lastKnownFileType = sourcecode.c.objc; path = CIPopdownRowViewController.m; sourceTree = "<group>"; };
		A7B9C51D15CA755900B75988 /* CIPopdownDemoViewController.h */ = {isa = PBXFileReference; fileEncoding = 4; lastKnownFileType = sourcecode.c.h; path = CIPopdownDemoViewController.h; sourceTree = "<group>"; };
		A7B9C51E15CA755900B75988 /* CIPopdownDemoViewController.m */ = {isa = PBXFileReference; fileEncoding = 4; lastKnownFileType = sourcecode.c.objc; path = CIPopdownDemoViewController.m; sourceTree = "<group>"; };
		A7DCA5B715C19D9B00F8C4C3 /* CIPad.app */ = {isa = PBXFileReference; explicitFileType = wrapper.application; includeInIndex = 0; path = CIPad.app; sourceTree = BUILT_PRODUCTS_DIR; };
		A7DCA5BB15C19D9B00F8C4C3 /* UIKit.framework */ = {isa = PBXFileReference; lastKnownFileType = wrapper.framework; name = UIKit.framework; path = System/Library/Frameworks/UIKit.framework; sourceTree = SDKROOT; };
		A7DCA5BD15C19D9B00F8C4C3 /* Foundation.framework */ = {isa = PBXFileReference; lastKnownFileType = wrapper.framework; name = Foundation.framework; path = System/Library/Frameworks/Foundation.framework; sourceTree = SDKROOT; };
		A7DCA5BF15C19D9B00F8C4C3 /* CoreGraphics.framework */ = {isa = PBXFileReference; lastKnownFileType = wrapper.framework; name = CoreGraphics.framework; path = System/Library/Frameworks/CoreGraphics.framework; sourceTree = SDKROOT; };
		A7DCA5C115C19D9B00F8C4C3 /* CoreData.framework */ = {isa = PBXFileReference; lastKnownFileType = wrapper.framework; name = CoreData.framework; path = System/Library/Frameworks/CoreData.framework; sourceTree = SDKROOT; };
		A7DCA5C515C19D9B00F8C4C3 /* CIPad-Info.plist */ = {isa = PBXFileReference; lastKnownFileType = text.plist.xml; path = "CIPad-Info.plist"; sourceTree = "<group>"; };
		A7DCA5C715C19D9B00F8C4C3 /* en */ = {isa = PBXFileReference; lastKnownFileType = text.plist.strings; name = en; path = en.lproj/InfoPlist.strings; sourceTree = "<group>"; };
		A7DCA5C915C19D9B00F8C4C3 /* main.m */ = {isa = PBXFileReference; lastKnownFileType = sourcecode.c.objc; path = main.m; sourceTree = "<group>"; };
		A7DCA5CB15C19D9B00F8C4C3 /* CIPad-Prefix.pch */ = {isa = PBXFileReference; lastKnownFileType = sourcecode.c.h; path = "CIPad-Prefix.pch"; sourceTree = "<group>"; };
		A7DCA5CC15C19D9B00F8C4C3 /* CIAppDelegate.h */ = {isa = PBXFileReference; lastKnownFileType = sourcecode.c.h; path = CIAppDelegate.h; sourceTree = "<group>"; };
		A7DCA5CD15C19D9B00F8C4C3 /* CIAppDelegate.m */ = {isa = PBXFileReference; lastKnownFileType = sourcecode.c.objc; path = CIAppDelegate.m; sourceTree = "<group>"; };
		A7DCA5D015C19D9B00F8C4C3 /* CIPad.xcdatamodel */ = {isa = PBXFileReference; lastKnownFileType = wrapper.xcdatamodel; path = CIPad.xcdatamodel; sourceTree = "<group>"; };
		A7DCA5D715C19D9B00F8C4C3 /* CIPadTests.octest */ = {isa = PBXFileReference; explicitFileType = wrapper.cfbundle; includeInIndex = 0; path = CIPadTests.octest; sourceTree = BUILT_PRODUCTS_DIR; };
		A7DCA5D815C19D9B00F8C4C3 /* SenTestingKit.framework */ = {isa = PBXFileReference; lastKnownFileType = wrapper.framework; name = SenTestingKit.framework; path = Library/Frameworks/SenTestingKit.framework; sourceTree = DEVELOPER_DIR; };
		A7DCA5E115C19D9B00F8C4C3 /* CIPadTests-Info.plist */ = {isa = PBXFileReference; lastKnownFileType = text.plist.xml; path = "CIPadTests-Info.plist"; sourceTree = "<group>"; };
		A7DCA5E315C19D9B00F8C4C3 /* en */ = {isa = PBXFileReference; lastKnownFileType = text.plist.strings; name = en; path = en.lproj/InfoPlist.strings; sourceTree = "<group>"; };
		A7DCA5E515C19D9B00F8C4C3 /* CIPadTests.h */ = {isa = PBXFileReference; lastKnownFileType = sourcecode.c.h; path = CIPadTests.h; sourceTree = "<group>"; };
		A7DCA5E615C19D9B00F8C4C3 /* CIPadTests.m */ = {isa = PBXFileReference; lastKnownFileType = sourcecode.c.objc; path = CIPadTests.m; sourceTree = "<group>"; };
/* End PBXFileReference section */

/* Begin PBXFrameworksBuildPhase section */
		A7DCA5B415C19D9B00F8C4C3 /* Frameworks */ = {
			isa = PBXFrameworksBuildPhase;
			buildActionMask = 2147483647;
			files = (
				A7DCA5BC15C19D9B00F8C4C3 /* UIKit.framework in Frameworks */,
				A7DCA5BE15C19D9B00F8C4C3 /* Foundation.framework in Frameworks */,
				A7DCA5C015C19D9B00F8C4C3 /* CoreGraphics.framework in Frameworks */,
				A7DCA5C215C19D9B00F8C4C3 /* CoreData.framework in Frameworks */,
			);
			runOnlyForDeploymentPostprocessing = 0;
		};
		A7DCA5D315C19D9B00F8C4C3 /* Frameworks */ = {
			isa = PBXFrameworksBuildPhase;
			buildActionMask = 2147483647;
			files = (
				A7DCA5D915C19D9B00F8C4C3 /* SenTestingKit.framework in Frameworks */,
				A7DCA5DA15C19D9B00F8C4C3 /* UIKit.framework in Frameworks */,
				A7DCA5DB15C19D9B00F8C4C3 /* Foundation.framework in Frameworks */,
				A7DCA5DC15C19D9B00F8C4C3 /* CoreData.framework in Frameworks */,
			);
			runOnlyForDeploymentPostprocessing = 0;
		};
/* End PBXFrameworksBuildPhase section */

/* Begin PBXGroup section */
		A711275E15C9879800034070 /* Application */ = {
			isa = PBXGroup;
			children = (
				A7DCA5CC15C19D9B00F8C4C3 /* CIAppDelegate.h */,
				A7DCA5CD15C19D9B00F8C4C3 /* CIAppDelegate.m */,
				A7B9C51D15CA755900B75988 /* CIPopdownDemoViewController.h */,
				A7B9C51E15CA755900B75988 /* CIPopdownDemoViewController.m */,
			);
			name = Application;
			sourceTree = "<group>";
		};
		A739670D15C2A25900925CE3 /* Popdown Navigation */ = {
			isa = PBXGroup;
			children = (
				A739670F15C2A2B000925CE3 /* CIPopdownNavigationController.h */,
				A739671015C2A2B000925CE3 /* CIPopdownNavigationController.m */,
				A739671515C2A6C400925CE3 /* CIPopdownNavigationItem.h */,
				A739671615C2A6C400925CE3 /* CIPopdownNavigationItem.m */,
				A739671C15C2F19200925CE3 /* CIPopdownRowViewController.h */,
				A739671D15C2F19200925CE3 /* CIPopdownRowViewController.m */,
				A738A9AC15C6E5BA00340FA7 /* UIViewController+CIPopdownNavigationController.h */,
				A738A9AD15C6E5BA00340FA7 /* UIViewController+CIPopdownNavigationController.m */,
			);
			name = "Popdown Navigation";
			sourceTree = "<group>";
		};
		A7DCA5AC15C19D9B00F8C4C3 = {
			isa = PBXGroup;
			children = (
				A7DCA5C315C19D9B00F8C4C3 /* CIPad */,
				A7DCA5DF15C19D9B00F8C4C3 /* CIPadTests */,
				A7DCA5BA15C19D9B00F8C4C3 /* Frameworks */,
				A7DCA5B815C19D9B00F8C4C3 /* Products */,
			);
			sourceTree = "<group>";
		};
		A7DCA5B815C19D9B00F8C4C3 /* Products */ = {
			isa = PBXGroup;
			children = (
				A7DCA5B715C19D9B00F8C4C3 /* CIPad.app */,
				A7DCA5D715C19D9B00F8C4C3 /* CIPadTests.octest */,
			);
			name = Products;
			sourceTree = "<group>";
		};
		A7DCA5BA15C19D9B00F8C4C3 /* Frameworks */ = {
			isa = PBXGroup;
			children = (
				A7DCA5BB15C19D9B00F8C4C3 /* UIKit.framework */,
				A7DCA5BD15C19D9B00F8C4C3 /* Foundation.framework */,
				A7DCA5BF15C19D9B00F8C4C3 /* CoreGraphics.framework */,
				A7DCA5C115C19D9B00F8C4C3 /* CoreData.framework */,
				A7DCA5D815C19D9B00F8C4C3 /* SenTestingKit.framework */,
			);
			name = Frameworks;
			sourceTree = "<group>";
		};
		A7DCA5C315C19D9B00F8C4C3 /* CIPad */ = {
			isa = PBXGroup;
			children = (
				A711275E15C9879800034070 /* Application */,
				A739670D15C2A25900925CE3 /* Popdown Navigation */,
				A7DCA5CF15C19D9B00F8C4C3 /* CIPad.xcdatamodeld */,
				A7DCA5C415C19D9B00F8C4C3 /* Supporting Files */,
			);
			path = CIPad;
			sourceTree = "<group>";
		};
		A7DCA5C415C19D9B00F8C4C3 /* Supporting Files */ = {
			isa = PBXGroup;
			children = (
				A7DCA5C515C19D9B00F8C4C3 /* CIPad-Info.plist */,
				A7DCA5C615C19D9B00F8C4C3 /* InfoPlist.strings */,
				A7DCA5C915C19D9B00F8C4C3 /* main.m */,
				A7DCA5CB15C19D9B00F8C4C3 /* CIPad-Prefix.pch */,
			);
			name = "Supporting Files";
			sourceTree = "<group>";
		};
		A7DCA5DF15C19D9B00F8C4C3 /* CIPadTests */ = {
			isa = PBXGroup;
			children = (
				A7DCA5E515C19D9B00F8C4C3 /* CIPadTests.h */,
				A7DCA5E615C19D9B00F8C4C3 /* CIPadTests.m */,
				A7DCA5E015C19D9B00F8C4C3 /* Supporting Files */,
			);
			path = CIPadTests;
			sourceTree = "<group>";
		};
		A7DCA5E015C19D9B00F8C4C3 /* Supporting Files */ = {
			isa = PBXGroup;
			children = (
				A7DCA5E115C19D9B00F8C4C3 /* CIPadTests-Info.plist */,
				A7DCA5E215C19D9B00F8C4C3 /* InfoPlist.strings */,
			);
			name = "Supporting Files";
			sourceTree = "<group>";
		};
/* End PBXGroup section */

/* Begin PBXNativeTarget section */
		A7DCA5B615C19D9B00F8C4C3 /* CIPad */ = {
			isa = PBXNativeTarget;
			buildConfigurationList = A7DCA5EA15C19D9B00F8C4C3 /* Build configuration list for PBXNativeTarget "CIPad" */;
			buildPhases = (
				A7DCA5B315C19D9B00F8C4C3 /* Sources */,
				A7DCA5B415C19D9B00F8C4C3 /* Frameworks */,
				A7DCA5B515C19D9B00F8C4C3 /* Resources */,
			);
			buildRules = (
			);
			dependencies = (
			);
			name = CIPad;
			productName = CIPad;
			productReference = A7DCA5B715C19D9B00F8C4C3 /* CIPad.app */;
			productType = "com.apple.product-type.application";
		};
		A7DCA5D615C19D9B00F8C4C3 /* CIPadTests */ = {
			isa = PBXNativeTarget;
			buildConfigurationList = A7DCA5ED15C19D9B00F8C4C3 /* Build configuration list for PBXNativeTarget "CIPadTests" */;
			buildPhases = (
				A7DCA5D215C19D9B00F8C4C3 /* Sources */,
				A7DCA5D315C19D9B00F8C4C3 /* Frameworks */,
				A7DCA5D415C19D9B00F8C4C3 /* Resources */,
				A7DCA5D515C19D9B00F8C4C3 /* ShellScript */,
			);
			buildRules = (
			);
			dependencies = (
				A7DCA5DE15C19D9B00F8C4C3 /* PBXTargetDependency */,
			);
			name = CIPadTests;
			productName = CIPadTests;
			productReference = A7DCA5D715C19D9B00F8C4C3 /* CIPadTests.octest */;
			productType = "com.apple.product-type.bundle";
		};
/* End PBXNativeTarget section */

/* Begin PBXProject section */
		A7DCA5AE15C19D9B00F8C4C3 /* Project object */ = {
			isa = PBXProject;
			attributes = {
				CLASSPREFIX = CI;
				LastUpgradeCheck = 0440;
				ORGANIZATIONNAME = "SAS Institute";
			};
			buildConfigurationList = A7DCA5B115C19D9B00F8C4C3 /* Build configuration list for PBXProject "CIPad" */;
			compatibilityVersion = "Xcode 3.2";
			developmentRegion = English;
			hasScannedForEncodings = 0;
			knownRegions = (
				en,
			);
			mainGroup = A7DCA5AC15C19D9B00F8C4C3;
			productRefGroup = A7DCA5B815C19D9B00F8C4C3 /* Products */;
			projectDirPath = "";
			projectRoot = "";
			targets = (
				A7DCA5B615C19D9B00F8C4C3 /* CIPad */,
				A7DCA5D615C19D9B00F8C4C3 /* CIPadTests */,
			);
		};
/* End PBXProject section */

/* Begin PBXResourcesBuildPhase section */
		A7DCA5B515C19D9B00F8C4C3 /* Resources */ = {
			isa = PBXResourcesBuildPhase;
			buildActionMask = 2147483647;
			files = (
				A7DCA5C815C19D9B00F8C4C3 /* InfoPlist.strings in Resources */,
			);
			runOnlyForDeploymentPostprocessing = 0;
		};
		A7DCA5D415C19D9B00F8C4C3 /* Resources */ = {
			isa = PBXResourcesBuildPhase;
			buildActionMask = 2147483647;
			files = (
				A7DCA5E415C19D9B00F8C4C3 /* InfoPlist.strings in Resources */,
			);
			runOnlyForDeploymentPostprocessing = 0;
		};
/* End PBXResourcesBuildPhase section */

/* Begin PBXShellScriptBuildPhase section */
		A7DCA5D515C19D9B00F8C4C3 /* ShellScript */ = {
			isa = PBXShellScriptBuildPhase;
			buildActionMask = 2147483647;
			files = (
			);
			inputPaths = (
			);
			outputPaths = (
			);
			runOnlyForDeploymentPostprocessing = 0;
			shellPath = /bin/sh;
			shellScript = "# Run the unit tests in this test bundle.\n\"${SYSTEM_DEVELOPER_DIR}/Tools/RunUnitTests\"\n";
		};
/* End PBXShellScriptBuildPhase section */

/* Begin PBXSourcesBuildPhase section */
		A7DCA5B315C19D9B00F8C4C3 /* Sources */ = {
			isa = PBXSourcesBuildPhase;
			buildActionMask = 2147483647;
			files = (
				A7DCA5CA15C19D9B00F8C4C3 /* main.m in Sources */,
				A7DCA5CE15C19D9B00F8C4C3 /* CIAppDelegate.m in Sources */,
				A7DCA5D115C19D9B00F8C4C3 /* CIPad.xcdatamodeld in Sources */,
				A739671115C2A2B000925CE3 /* CIPopdownNavigationController.m in Sources */,
				A739671715C2A6C400925CE3 /* CIPopdownNavigationItem.m in Sources */,
				A739671E15C2F19200925CE3 /* CIPopdownRowViewController.m in Sources */,
				A738A9AE15C6E5BA00340FA7 /* UIViewController+CIPopdownNavigationController.m in Sources */,
				A7B9C51F15CA755900B75988 /* CIPopdownDemoViewController.m in Sources */,
			);
			runOnlyForDeploymentPostprocessing = 0;
		};
		A7DCA5D215C19D9B00F8C4C3 /* Sources */ = {
			isa = PBXSourcesBuildPhase;
			buildActionMask = 2147483647;
			files = (
				A7DCA5E715C19D9B00F8C4C3 /* CIPadTests.m in Sources */,
			);
			runOnlyForDeploymentPostprocessing = 0;
		};
/* End PBXSourcesBuildPhase section */

/* Begin PBXTargetDependency section */
		A7DCA5DE15C19D9B00F8C4C3 /* PBXTargetDependency */ = {
			isa = PBXTargetDependency;
			target = A7DCA5B615C19D9B00F8C4C3 /* CIPad */;
			targetProxy = A7DCA5DD15C19D9B00F8C4C3 /* PBXContainerItemProxy */;
		};
/* End PBXTargetDependency section */

/* Begin PBXVariantGroup section */
		A7DCA5C615C19D9B00F8C4C3 /* InfoPlist.strings */ = {
			isa = PBXVariantGroup;
			children = (
				A7DCA5C715C19D9B00F8C4C3 /* en */,
			);
			name = InfoPlist.strings;
			sourceTree = "<group>";
		};
		A7DCA5E215C19D9B00F8C4C3 /* InfoPlist.strings */ = {
			isa = PBXVariantGroup;
			children = (
				A7DCA5E315C19D9B00F8C4C3 /* en */,
			);
			name = InfoPlist.strings;
			sourceTree = "<group>";
		};
/* End PBXVariantGroup section */

/* Begin XCBuildConfiguration section */
		A7DCA5E815C19D9B00F8C4C3 /* Debug */ = {
			isa = XCBuildConfiguration;
			buildSettings = {
				ALWAYS_SEARCH_USER_PATHS = NO;
				ARCHS = "$(ARCHS_STANDARD_32_BIT)";
				CLANG_CXX_LANGUAGE_STANDARD = "gnu++0x";
				CLANG_ENABLE_OBJC_ARC = YES;
				CLANG_WARN__DUPLICATE_METHOD_MATCH = YES;
				"CODE_SIGN_IDENTITY[sdk=iphoneos*]" = "iPhone Developer";
				COPY_PHASE_STRIP = NO;
				GCC_C_LANGUAGE_STANDARD = gnu99;
				GCC_DYNAMIC_NO_PIC = NO;
				GCC_OPTIMIZATION_LEVEL = 0;
				GCC_PREPROCESSOR_DEFINITIONS = (
					"DEBUG=1",
					"$(inherited)",
				);
				GCC_SYMBOLS_PRIVATE_EXTERN = NO;
				GCC_VERSION = com.apple.compilers.llvm.clang.1_0;
				GCC_WARN_ABOUT_RETURN_TYPE = YES;
				GCC_WARN_UNINITIALIZED_AUTOS = YES;
				GCC_WARN_UNUSED_VARIABLE = YES;
				IPHONEOS_DEPLOYMENT_TARGET = 5.1;
				SDKROOT = iphoneos;
				TARGETED_DEVICE_FAMILY = 2;
			};
			name = Debug;
		};
		A7DCA5E915C19D9B00F8C4C3 /* Release */ = {
			isa = XCBuildConfiguration;
			buildSettings = {
				ALWAYS_SEARCH_USER_PATHS = NO;
				ARCHS = "$(ARCHS_STANDARD_32_BIT)";
				CLANG_CXX_LANGUAGE_STANDARD = "gnu++0x";
				CLANG_ENABLE_OBJC_ARC = YES;
				CLANG_WARN__DUPLICATE_METHOD_MATCH = YES;
				"CODE_SIGN_IDENTITY[sdk=iphoneos*]" = "iPhone Developer";
				COPY_PHASE_STRIP = YES;
				GCC_C_LANGUAGE_STANDARD = gnu99;
				GCC_VERSION = com.apple.compilers.llvm.clang.1_0;
				GCC_WARN_ABOUT_RETURN_TYPE = YES;
				GCC_WARN_UNINITIALIZED_AUTOS = YES;
				GCC_WARN_UNUSED_VARIABLE = YES;
				IPHONEOS_DEPLOYMENT_TARGET = 5.1;
				OTHER_CFLAGS = "-DNS_BLOCK_ASSERTIONS=1";
				SDKROOT = iphoneos;
				TARGETED_DEVICE_FAMILY = 2;
				VALIDATE_PRODUCT = YES;
			};
			name = Release;
		};
		A7DCA5EB15C19D9B00F8C4C3 /* Debug */ = {
			isa = XCBuildConfiguration;
			buildSettings = {
				GCC_PRECOMPILE_PREFIX_HEADER = YES;
				GCC_PREFIX_HEADER = "CIPad/CIPad-Prefix.pch";
				INFOPLIST_FILE = "CIPad/CIPad-Info.plist";
				PRODUCT_NAME = "$(TARGET_NAME)";
				WRAPPER_EXTENSION = app;
			};
			name = Debug;
		};
		A7DCA5EC15C19D9B00F8C4C3 /* Release */ = {
			isa = XCBuildConfiguration;
			buildSettings = {
				GCC_PRECOMPILE_PREFIX_HEADER = YES;
				GCC_PREFIX_HEADER = "CIPad/CIPad-Prefix.pch";
				INFOPLIST_FILE = "CIPad/CIPad-Info.plist";
				PRODUCT_NAME = "$(TARGET_NAME)";
				WRAPPER_EXTENSION = app;
			};
			name = Release;
		};
		A7DCA5EE15C19D9B00F8C4C3 /* Debug */ = {
			isa = XCBuildConfiguration;
			buildSettings = {
				BUNDLE_LOADER = "$(BUILT_PRODUCTS_DIR)/CIPad.app/CIPad";
				FRAMEWORK_SEARCH_PATHS = (
					"\"$(SDKROOT)/Developer/Library/Frameworks\"",
					"\"$(DEVELOPER_LIBRARY_DIR)/Frameworks\"",
				);
				GCC_PRECOMPILE_PREFIX_HEADER = YES;
				GCC_PREFIX_HEADER = "CIPad/CIPad-Prefix.pch";
				INFOPLIST_FILE = "CIPadTests/CIPadTests-Info.plist";
				PRODUCT_NAME = "$(TARGET_NAME)";
				TEST_HOST = "$(BUNDLE_LOADER)";
				WRAPPER_EXTENSION = octest;
			};
			name = Debug;
		};
		A7DCA5EF15C19D9B00F8C4C3 /* Release */ = {
			isa = XCBuildConfiguration;
			buildSettings = {
				BUNDLE_LOADER = "$(BUILT_PRODUCTS_DIR)/CIPad.app/CIPad";
				FRAMEWORK_SEARCH_PATHS = (
					"\"$(SDKROOT)/Developer/Library/Frameworks\"",
					"\"$(DEVELOPER_LIBRARY_DIR)/Frameworks\"",
				);
				GCC_PRECOMPILE_PREFIX_HEADER = YES;
				GCC_PREFIX_HEADER = "CIPad/CIPad-Prefix.pch";
				INFOPLIST_FILE = "CIPadTests/CIPadTests-Info.plist";
				PRODUCT_NAME = "$(TARGET_NAME)";
				TEST_HOST = "$(BUNDLE_LOADER)";
				WRAPPER_EXTENSION = octest;
			};
			name = Release;
		};
/* End XCBuildConfiguration section */

/* Begin XCConfigurationList section */
		A7DCA5B115C19D9B00F8C4C3 /* Build configuration list for PBXProject "CIPad" */ = {
			isa = XCConfigurationList;
			buildConfigurations = (
				A7DCA5E815C19D9B00F8C4C3 /* Debug */,
				A7DCA5E915C19D9B00F8C4C3 /* Release */,
			);
			defaultConfigurationIsVisible = 0;
			defaultConfigurationName = Release;
		};
		A7DCA5EA15C19D9B00F8C4C3 /* Build configuration list for PBXNativeTarget "CIPad" */ = {
			isa = XCConfigurationList;
			buildConfigurations = (
				A7DCA5EB15C19D9B00F8C4C3 /* Debug */,
				A7DCA5EC15C19D9B00F8C4C3 /* Release */,
			);
			defaultConfigurationIsVisible = 0;
			defaultConfigurationName = Release;
		};
		A7DCA5ED15C19D9B00F8C4C3 /* Build configuration list for PBXNativeTarget "CIPadTests" */ = {
			isa = XCConfigurationList;
			buildConfigurations = (
				A7DCA5EE15C19D9B00F8C4C3 /* Debug */,
				A7DCA5EF15C19D9B00F8C4C3 /* Release */,
			);
			defaultConfigurationIsVisible = 0;
			defaultConfigurationName = Release;
		};
/* End XCConfigurationList section */

/* Begin XCVersionGroup section */
		A7DCA5CF15C19D9B00F8C4C3 /* CIPad.xcdatamodeld */ = {
			isa = XCVersionGroup;
			children = (
				A7DCA5D015C19D9B00F8C4C3 /* CIPad.xcdatamodel */,
			);
			currentVersion = A7DCA5D015C19D9B00F8C4C3 /* CIPad.xcdatamodel */;
			path = CIPad.xcdatamodeld;
			sourceTree = "<group>";
			versionGroupType = wrapper.xcdatamodel;
		};
/* End XCVersionGroup section */
	};
	rootObject = A7DCA5AE15C19D9B00F8C4C3 /* Project object */;
}
